# This file was autogenerated by Stack.
# You should not edit this file by hand.
# For more information, please see the documentation at:
#   https://docs.haskellstack.org/en/stable/lock_files

packages:
- completed:
    size: 221143
    subdir: asm-core
    url: https://github.com/alexkazik/asm/archive/v0.5.0.zip
    cabal-file:
      size: 4015
      sha256: 6c0eab6884baeea32fd4b0142bbd914e4e73d510da868204e104b24d2437b4bf
    name: asm-core
    version: 0.5.0
    sha256: 9223df82dd630be1fb28bb185780257dcd04c8506cb79ff7f4f6f8f698277e3c
    pantry-tree:
      size: 6283
      sha256: b2a942cc98650c48eff9dc883271f99fb26e775c5f56e846aca7c31b7e91d5cc
  original:
    subdir: asm-core
    url: https://github.com/alexkazik/asm/archive/v0.5.0.zip
- completed:
    size: 221143
    subdir: asm-data
    url: https://github.com/alexkazik/asm/archive/v0.5.0.zip
    cabal-file:
      size: 1093
      sha256: 027db55090ff19c1ed4e87edc569b93418f780adc9c95311838780bf792df2d2
    name: asm-data
    version: 0.5.0
    sha256: 9223df82dd630be1fb28bb185780257dcd04c8506cb79ff7f4f6f8f698277e3c
    pantry-tree:
      size: 852
      sha256: 95ec9e916cf225d1fd722f77a7d6f7a344b4a2962d3e045e071c57cfe3acef80
  original:
    subdir: asm-data
    url: https://github.com/alexkazik/asm/archive/v0.5.0.zip
- completed:
    size: 221143
    subdir: asm-parser
    url: https://github.com/alexkazik/asm/archive/v0.5.0.zip
    cabal-file:
      size: 1987
      sha256: 0750c9311781674dec080b2cabf63e577d239ba625c7b52bc5987797d4dd304e
    name: asm-parser
    version: 0.5.0
    sha256: 9223df82dd630be1fb28bb185780257dcd04c8506cb79ff7f4f6f8f698277e3c
    pantry-tree:
      size: 2203
      sha256: ee9fa92eb6d9a4b68177e1c360344a8b7489d0081be42f8a983a0f47bbb95f28
  original:
    subdir: asm-parser
    url: https://github.com/alexkazik/asm/archive/v0.5.0.zip
- completed:
    size: 221143
    subdir: asm-cpu6502
    url: https://github.com/alexkazik/asm/archive/v0.5.0.zip
    cabal-file:
      size: 1505
      sha256: 9f77fdb79badce0680c86a261552c37fe2f8feba9dc93abd3a6d1de753193793
    name: asm-cpu6502
    version: 0.5.0
    sha256: 9223df82dd630be1fb28bb185780257dcd04c8506cb79ff7f4f6f8f698277e3c
    pantry-tree:
      size: 1601
      sha256: fee7150f9c868acfafb385d2db158b613b316b55b9d0e65bb8fc6efd15167768
  original:
    subdir: asm-cpu6502
    url: https://github.com/alexkazik/asm/archive/v0.5.0.zip
- completed:
    size: 221143
    subdir: asm-c64
    url: https://github.com/alexkazik/asm/archive/v0.5.0.zip
    cabal-file:
      size: 1185
      sha256: 3bc177dd1f4187b0faa98f8cf99fbce99a8bb6d3f1eaf10be25052e1f5f6d391
    name: asm-c64
    version: 0.5.0
    sha256: 9223df82dd630be1fb28bb185780257dcd04c8506cb79ff7f4f6f8f698277e3c
    pantry-tree:
      size: 849
      sha256: 91f9916b6d3c86b94161a8f91e2334e370bc61b4767a37fe8e9811e228bdab73
  original:
    subdir: asm-c64
    url: https://github.com/alexkazik/asm/archive/v0.5.0.zip
- completed:
    size: 221143
    subdir: asm-tools
    url: https://github.com/alexkazik/asm/archive/v0.5.0.zip
    cabal-file:
      size: 1118
      sha256: 26f2dbb4f7c3f1f358a446d9e20b82e9d2c67d5e1d33dbfc046d24ecc7e823ce
    name: asm-tools
    version: 0.5.0
    sha256: 9223df82dd630be1fb28bb185780257dcd04c8506cb79ff7f4f6f8f698277e3c
    pantry-tree:
      size: 611
      sha256: 3787c370619aa5e0282b77ad423d48dc7e7ef5f5002dd8869e8ad518e41db98d
  original:
    subdir: asm-tools
    url: https://github.com/alexkazik/asm/archive/v0.5.0.zip
snapshots:
- completed:
    size: 505387
    url: https://raw.githubusercontent.com/commercialhaskell/stackage-snapshots/master/nightly/2017/10/8.yaml
    sha256: 8f1ab922a23e795d7a22cf4594fe5ceedb7f87fdf2cf669e244cc3e1de52123e
  original: nightly-2017-10-08
