# This file was autogenerated by Stack.
# You should not edit this file by hand.
# For more information, please see the documentation at:
#   https://docs.haskellstack.org/en/stable/lock_files

packages:
- completed:
    size: 221137
    subdir: asm-core
    url: https://github.com/alexkazik/asm/archive/v0.6.0.zip
    cabal-file:
      size: 4161
      sha256: 9791b35822d2a60814f6b229a3dbeb0ba50f9d76df7a38fb0048229d4dba5dca
    name: asm-core
    version: 0.6.0
    sha256: c962be14b40d575ec541f122ee0e082edfdb9950451cdf231cb27a09f286b393
    pantry-tree:
      size: 6222
      sha256: 465827e58441206579887232de12e334071a129ef6037014d0840d428dc15d28
  original:
    subdir: asm-core
    url: https://github.com/alexkazik/asm/archive/v0.6.0.zip
- completed:
    size: 221137
    subdir: asm-data
    url: https://github.com/alexkazik/asm/archive/v0.6.0.zip
    cabal-file:
      size: 1063
      sha256: 282b0fd702392c2bbfb727d4672c8bea4c3b3ece6fadaf9c823bc487f968a8a0
    name: asm-data
    version: 0.6.0
    sha256: c962be14b40d575ec541f122ee0e082edfdb9950451cdf231cb27a09f286b393
    pantry-tree:
      size: 789
      sha256: fd20a265f3020996c1f437c16e3b16962b7b42a25dda279d4664f2ff96530d43
  original:
    subdir: asm-data
    url: https://github.com/alexkazik/asm/archive/v0.6.0.zip
- completed:
    size: 221137
    subdir: asm-parser
    url: https://github.com/alexkazik/asm/archive/v0.6.0.zip
    cabal-file:
      size: 2062
      sha256: 67bb1bfe7ae656aa842d649da5ebc406bd07985c66e6c9917202925376b797ae
    name: asm-parser
    version: 0.6.0
    sha256: c962be14b40d575ec541f122ee0e082edfdb9950451cdf231cb27a09f286b393
    pantry-tree:
      size: 2138
      sha256: 5433a47f333d660c8a242ba17e4f18d6d9d5bc4b6b97fe2a7757f5869d7f8d0d
  original:
    subdir: asm-parser
    url: https://github.com/alexkazik/asm/archive/v0.6.0.zip
- completed:
    size: 221137
    subdir: asm-cpu6502
    url: https://github.com/alexkazik/asm/archive/v0.6.0.zip
    cabal-file:
      size: 1501
      sha256: b52776d27e0d33ced6ec4546b95660ffa51aae42df4ba5548484e73507fe6a77
    name: asm-cpu6502
    version: 0.6.0
    sha256: c962be14b40d575ec541f122ee0e082edfdb9950451cdf231cb27a09f286b393
    pantry-tree:
      size: 1535
      sha256: 1406ba88a1554e6be234c7a282f8ef77842dcc1b124a42456f05b8831e349af1
  original:
    subdir: asm-cpu6502
    url: https://github.com/alexkazik/asm/archive/v0.6.0.zip
- completed:
    size: 221137
    subdir: asm-c64
    url: https://github.com/alexkazik/asm/archive/v0.6.0.zip
    cabal-file:
      size: 1199
      sha256: f8e887ccecdcad6cb584d3b30490f6cec17c492d35fc182b4ece7f81a47eacff
    name: asm-c64
    version: 0.6.0
    sha256: c962be14b40d575ec541f122ee0e082edfdb9950451cdf231cb27a09f286b393
    pantry-tree:
      size: 787
      sha256: 33d9b0a4cd064759276b7e8334fb44d04da309cadb746a4c944da39e2c80788f
  original:
    subdir: asm-c64
    url: https://github.com/alexkazik/asm/archive/v0.6.0.zip
- completed:
    size: 221137
    subdir: asm-tools
    url: https://github.com/alexkazik/asm/archive/v0.6.0.zip
    cabal-file:
      size: 1044
      sha256: 13e78aebe8d7a18ec878d1e7be6bfab6b77a178e27fbb4592df5832ddad679c2
    name: asm-tools
    version: 0.6.0
    sha256: c962be14b40d575ec541f122ee0e082edfdb9950451cdf231cb27a09f286b393
    pantry-tree:
      size: 547
      sha256: 9aa40584e1cf7fbead3e85a4a4816c488a285e6fa71312f8ebb69ff8fa246b2a
  original:
    subdir: asm-tools
    url: https://github.com/alexkazik/asm/archive/v0.6.0.zip
snapshots:
- completed:
    size: 523878
    url: https://raw.githubusercontent.com/commercialhaskell/stackage-snapshots/master/lts/14/3.yaml
    sha256: 470c46c27746a48c7c50f829efc0cf00112787a7804ee4ac7a27754658f6d92c
  original: lts-14.3
